
Microsoft Visual Studio Solution File, Format Version 12.00
# Visual Studio Version 17
VisualStudioVersion = 17.5.33424.131
MinimumVisualStudioVersion = 10.0.40219.1
Project("{FAE04EC0-301F-11D3-BF4B-00C04F79EFBC}") = "wednesdayeveningwork", "wednesdayeveningwork\wednesdayeveningwork.csproj", "{26AF5AFE-E5A5-4C43-877F-B703CC6CA6E6}"
EndProject
Global
	GlobalSection(SolutionConfigurationPlatforms) = preSolution
		Debug|Any CPU = Debug|Any CPU
		Release|Any CPU = Release|Any CPU
	EndGlobalSection
	GlobalSection(ProjectConfigurationPlatforms) = postSolution
		{26AF5AFE-E5A5-4C43-877F-B703CC6CA6E6}.Debug|Any CPU.ActiveCfg = Debug|Any CPU
		{26AF5AFE-E5A5-4C43-877F-B703CC6CA6E6}.Debug|Any CPU.Build.0 = Debug|Any CPU
		{26AF5AFE-E5A5-4C43-877F-B703CC6CA6E6}.Release|Any CPU.ActiveCfg = Release|Any CPU
		{26AF5AFE-E5A5-4C43-877F-B703CC6CA6E6}.Release|Any CPU.Build.0 = Release|Any CPU
	EndGlobalSection
	GlobalSection(SolutionProperties) = preSolution
		HideSolutionNode = FALSE
	EndGlobalSection
	GlobalSection(ExtensibilityGlobals) = postSolution
		SolutionGuid = {5E24A267-7E5B-4BF1-A7F1-23289FA376C1}
	EndGlobalSection
EndGlobal
